
Microsoft Visual Studio Solution File, Format Version 12.00
# Visual Studio Version 17
VisualStudioVersion = 17.14.36603.0
MinimumVisualStudioVersion = 10.0.40219.1
Project("{2150E333-8FDC-42A3-9474-1A3956D46DE8}") = "Task5", "Task5", "{02EA681E-C7D8-13C7-8484-4AC65E1B71E8}"
EndProject
Project("{FAE04EC0-301F-11D3-BF4B-00C04F79EFBC}") = "Tyuiu.Borisova.Sprint6.Task5.V16.Lib", "Tyuiu.Borisova.Sprint6.Task5.V16.Lib\Tyuiu.Borisova.Sprint6.Task5.V16.Lib.csproj", "{25B28AB6-FDEF-4289-903C-6A59A3B91ADC}"
EndProject
Project("{FAE04EC0-301F-11D3-BF4B-00C04F79EFBC}") = "Tyuiu.Borisova.Sprint6.Task5.V16.Test", "Tyuiu.Borisova.Sprint6.Task5.V16.Test\Tyuiu.Borisova.Sprint6.Task5.V16.Test.csproj", "{65347E7B-DB71-48C1-B9D4-BD3A0DEC032E}"
EndProject
Project("{FAE04EC0-301F-11D3-BF4B-00C04F79EFBC}") = "Tyuiu.Borisova.Sprint6.Task5.V16", "Tyuiu.Borisova.Sprint6.Task5.V16\Tyuiu.Borisova.Sprint6.Task5.V16.csproj", "{B9418739-1F0B-4188-B7D2-2D67C9B8AD85}"
EndProject
Project("{2150E333-8FDC-42A3-9474-1A3956D46DE8}") = "Task6", "Task6", "{F611B4E7-2DC9-4950-84B6-3FBC7409D5AF}"
EndProject
Project("{FAE04EC0-301F-11D3-BF4B-00C04F79EFBC}") = "Tyuiu.Borisova.Sprint6.Task6.V19", "Tyuiu.Borisova.Sprint6.Task6.V19\Tyuiu.Borisova.Sprint6.Task6.V19.csproj", "{D7101469-44E8-4FCD-A618-DC8F0B70D851}"
EndProject
Project("{FAE04EC0-301F-11D3-BF4B-00C04F79EFBC}") = "Tyuiu.Borisova.Sprint6.Task6.V19.Test", "Tyuiu.Borisova.Sprint6.Task6.V19.Test\Tyuiu.Borisova.Sprint6.Task6.V19.Test.csproj", "{DF15D1B9-0D37-4C86-A26C-C4499888A0BA}"
EndProject
Project("{FAE04EC0-301F-11D3-BF4B-00C04F79EFBC}") = "Tyuiu.Borisova.Sprint6.Task6.V19.Lib", "Tyuiu.Borisova.Sprint6.Task6.V19.Lib\Tyuiu.Borisova.Sprint6.Task6.V19.Lib.csproj", "{69D5E570-A69E-4CF3-BBEB-B5969E0BDFD4}"
EndProject
Project("{2150E333-8FDC-42A3-9474-1A3956D46DE8}") = "Task7", "Task7", "{83B733D7-2583-42FD-8215-00DB43223098}"
EndProject
Project("{FAE04EC0-301F-11D3-BF4B-00C04F79EFBC}") = "Tyuiu.Borisova.Sprint6.Task7.V26", "Tyuiu.Borisova.Sprint6.Task7.V26\Tyuiu.Borisova.Sprint6.Task7.V26.csproj", "{A9D869C3-E88D-4D9A-AB08-275B6391C5CE}"
EndProject
Project("{FAE04EC0-301F-11D3-BF4B-00C04F79EFBC}") = "Tyuiu.Borisova.Sprint6.Task7.V26.Test", "Tyuiu.Borisova.Sprint6.Task7.V26.Test\Tyuiu.Borisova.Sprint6.Task7.V26.Test.csproj", "{4F1F6CBC-12DC-497A-94E7-FE671A3E2D71}"
EndProject
Global
	GlobalSection(SolutionConfigurationPlatforms) = preSolution
		Debug|Any CPU = Debug|Any CPU
		Debug|x64 = Debug|x64
		Release|Any CPU = Release|Any CPU
		Release|x64 = Release|x64
	EndGlobalSection
	GlobalSection(ProjectConfigurationPlatforms) = postSolution
		{25B28AB6-FDEF-4289-903C-6A59A3B91ADC}.Debug|Any CPU.ActiveCfg = Debug|Any CPU
		{25B28AB6-FDEF-4289-903C-6A59A3B91ADC}.Debug|Any CPU.Build.0 = Debug|Any CPU
		{25B28AB6-FDEF-4289-903C-6A59A3B91ADC}.Debug|x64.ActiveCfg = Debug|Any CPU
		{25B28AB6-FDEF-4289-903C-6A59A3B91ADC}.Debug|x64.Build.0 = Debug|Any CPU
		{25B28AB6-FDEF-4289-903C-6A59A3B91ADC}.Release|Any CPU.ActiveCfg = Release|Any CPU
		{25B28AB6-FDEF-4289-903C-6A59A3B91ADC}.Release|Any CPU.Build.0 = Release|Any CPU
		{25B28AB6-FDEF-4289-903C-6A59A3B91ADC}.Release|x64.ActiveCfg = Release|Any CPU
		{25B28AB6-FDEF-4289-903C-6A59A3B91ADC}.Release|x64.Build.0 = Release|Any CPU
		{65347E7B-DB71-48C1-B9D4-BD3A0DEC032E}.Debug|Any CPU.ActiveCfg = Debug|Any CPU
		{65347E7B-DB71-48C1-B9D4-BD3A0DEC032E}.Debug|Any CPU.Build.0 = Debug|Any CPU
		{65347E7B-DB71-48C1-B9D4-BD3A0DEC032E}.Debug|x64.ActiveCfg = Debug|Any CPU
		{65347E7B-DB71-48C1-B9D4-BD3A0DEC032E}.Debug|x64.Build.0 = Debug|Any CPU
		{65347E7B-DB71-48C1-B9D4-BD3A0DEC032E}.Release|Any CPU.ActiveCfg = Release|Any CPU
		{65347E7B-DB71-48C1-B9D4-BD3A0DEC032E}.Release|Any CPU.Build.0 = Release|Any CPU
		{65347E7B-DB71-48C1-B9D4-BD3A0DEC032E}.Release|x64.ActiveCfg = Release|Any CPU
		{65347E7B-DB71-48C1-B9D4-BD3A0DEC032E}.Release|x64.Build.0 = Release|Any CPU
		{B9418739-1F0B-4188-B7D2-2D67C9B8AD85}.Debug|Any CPU.ActiveCfg = Debug|Any CPU
		{B9418739-1F0B-4188-B7D2-2D67C9B8AD85}.Debug|Any CPU.Build.0 = Debug|Any CPU
		{B9418739-1F0B-4188-B7D2-2D67C9B8AD85}.Debug|x64.ActiveCfg = Debug|Any CPU
		{B9418739-1F0B-4188-B7D2-2D67C9B8AD85}.Debug|x64.Build.0 = Debug|Any CPU
		{B9418739-1F0B-4188-B7D2-2D67C9B8AD85}.Release|Any CPU.ActiveCfg = Release|Any CPU
		{B9418739-1F0B-4188-B7D2-2D67C9B8AD85}.Release|Any CPU.Build.0 = Release|Any CPU
		{B9418739-1F0B-4188-B7D2-2D67C9B8AD85}.Release|x64.ActiveCfg = Release|Any CPU
		{B9418739-1F0B-4188-B7D2-2D67C9B8AD85}.Release|x64.Build.0 = Release|Any CPU
		{D7101469-44E8-4FCD-A618-DC8F0B70D851}.Debug|Any CPU.ActiveCfg = Debug|Any CPU
		{D7101469-44E8-4FCD-A618-DC8F0B70D851}.Debug|Any CPU.Build.0 = Debug|Any CPU
		{D7101469-44E8-4FCD-A618-DC8F0B70D851}.Debug|x64.ActiveCfg = Debug|Any CPU
		{D7101469-44E8-4FCD-A618-DC8F0B70D851}.Debug|x64.Build.0 = Debug|Any CPU
		{D7101469-44E8-4FCD-A618-DC8F0B70D851}.Release|Any CPU.ActiveCfg = Release|Any CPU
		{D7101469-44E8-4FCD-A618-DC8F0B70D851}.Release|Any CPU.Build.0 = Release|Any CPU
		{D7101469-44E8-4FCD-A618-DC8F0B70D851}.Release|x64.ActiveCfg = Release|Any CPU
		{D7101469-44E8-4FCD-A618-DC8F0B70D851}.Release|x64.Build.0 = Release|Any CPU
		{DF15D1B9-0D37-4C86-A26C-C4499888A0BA}.Debug|Any CPU.ActiveCfg = Debug|Any CPU
		{DF15D1B9-0D37-4C86-A26C-C4499888A0BA}.Debug|Any CPU.Build.0 = Debug|Any CPU
		{DF15D1B9-0D37-4C86-A26C-C4499888A0BA}.Debug|x64.ActiveCfg = Debug|Any CPU
		{DF15D1B9-0D37-4C86-A26C-C4499888A0BA}.Debug|x64.Build.0 = Debug|Any CPU
		{DF15D1B9-0D37-4C86-A26C-C4499888A0BA}.Release|Any CPU.ActiveCfg = Release|Any CPU
		{DF15D1B9-0D37-4C86-A26C-C4499888A0BA}.Release|Any CPU.Build.0 = Release|Any CPU
		{DF15D1B9-0D37-4C86-A26C-C4499888A0BA}.Release|x64.ActiveCfg = Release|Any CPU
		{DF15D1B9-0D37-4C86-A26C-C4499888A0BA}.Release|x64.Build.0 = Release|Any CPU
		{69D5E570-A69E-4CF3-BBEB-B5969E0BDFD4}.Debug|Any CPU.ActiveCfg = Debug|Any CPU
		{69D5E570-A69E-4CF3-BBEB-B5969E0BDFD4}.Debug|Any CPU.Build.0 = Debug|Any CPU
		{69D5E570-A69E-4CF3-BBEB-B5969E0BDFD4}.Debug|x64.ActiveCfg = Debug|Any CPU
		{69D5E570-A69E-4CF3-BBEB-B5969E0BDFD4}.Debug|x64.Build.0 = Debug|Any CPU
		{69D5E570-A69E-4CF3-BBEB-B5969E0BDFD4}.Release|Any CPU.ActiveCfg = Release|Any CPU
		{69D5E570-A69E-4CF3-BBEB-B5969E0BDFD4}.Release|Any CPU.Build.0 = Release|Any CPU
		{69D5E570-A69E-4CF3-BBEB-B5969E0BDFD4}.Release|x64.ActiveCfg = Release|Any CPU
		{69D5E570-A69E-4CF3-BBEB-B5969E0BDFD4}.Release|x64.Build.0 = Release|Any CPU
		{A9D869C3-E88D-4D9A-AB08-275B6391C5CE}.Debug|Any CPU.ActiveCfg = Debug|Any CPU
		{A9D869C3-E88D-4D9A-AB08-275B6391C5CE}.Debug|Any CPU.Build.0 = Debug|Any CPU
		{A9D869C3-E88D-4D9A-AB08-275B6391C5CE}.Debug|x64.ActiveCfg = Debug|Any CPU
		{A9D869C3-E88D-4D9A-AB08-275B6391C5CE}.Debug|x64.Build.0 = Debug|Any CPU
		{A9D869C3-E88D-4D9A-AB08-275B6391C5CE}.Release|Any CPU.ActiveCfg = Release|Any CPU
		{A9D869C3-E88D-4D9A-AB08-275B6391C5CE}.Release|Any CPU.Build.0 = Release|Any CPU
		{A9D869C3-E88D-4D9A-AB08-275B6391C5CE}.Release|x64.ActiveCfg = Release|Any CPU
		{A9D869C3-E88D-4D9A-AB08-275B6391C5CE}.Release|x64.Build.0 = Release|Any CPU
		{4F1F6CBC-12DC-497A-94E7-FE671A3E2D71}.Debug|Any CPU.ActiveCfg = Debug|Any CPU
		{4F1F6CBC-12DC-497A-94E7-FE671A3E2D71}.Debug|Any CPU.Build.0 = Debug|Any CPU
		{4F1F6CBC-12DC-497A-94E7-FE671A3E2D71}.Debug|x64.ActiveCfg = Debug|Any CPU
		{4F1F6CBC-12DC-497A-94E7-FE671A3E2D71}.Debug|x64.Build.0 = Debug|Any CPU
		{4F1F6CBC-12DC-497A-94E7-FE671A3E2D71}.Release|Any CPU.ActiveCfg = Release|Any CPU
		{4F1F6CBC-12DC-497A-94E7-FE671A3E2D71}.Release|Any CPU.Build.0 = Release|Any CPU
		{4F1F6CBC-12DC-497A-94E7-FE671A3E2D71}.Release|x64.ActiveCfg = Release|Any CPU
		{4F1F6CBC-12DC-497A-94E7-FE671A3E2D71}.Release|x64.Build.0 = Release|Any CPU
	EndGlobalSection
	GlobalSection(SolutionProperties) = preSolution
		HideSolutionNode = FALSE
	EndGlobalSection
	GlobalSection(NestedProjects) = preSolution
		{25B28AB6-FDEF-4289-903C-6A59A3B91ADC} = {02EA681E-C7D8-13C7-8484-4AC65E1B71E8}
		{65347E7B-DB71-48C1-B9D4-BD3A0DEC032E} = {02EA681E-C7D8-13C7-8484-4AC65E1B71E8}
		{B9418739-1F0B-4188-B7D2-2D67C9B8AD85} = {02EA681E-C7D8-13C7-8484-4AC65E1B71E8}
		{D7101469-44E8-4FCD-A618-DC8F0B70D851} = {F611B4E7-2DC9-4950-84B6-3FBC7409D5AF}
		{DF15D1B9-0D37-4C86-A26C-C4499888A0BA} = {F611B4E7-2DC9-4950-84B6-3FBC7409D5AF}
		{69D5E570-A69E-4CF3-BBEB-B5969E0BDFD4} = {F611B4E7-2DC9-4950-84B6-3FBC7409D5AF}
		{A9D869C3-E88D-4D9A-AB08-275B6391C5CE} = {83B733D7-2583-42FD-8215-00DB43223098}
		{4F1F6CBC-12DC-497A-94E7-FE671A3E2D71} = {83B733D7-2583-42FD-8215-00DB43223098}
	EndGlobalSection
	GlobalSection(ExtensibilityGlobals) = postSolution
		SolutionGuid = {AD58F894-BDEE-4666-8798-DF1C68A13A4F}
	EndGlobalSection
EndGlobal
