
Microsoft Visual Studio Solution File, Format Version 12.00
# Visual Studio Version 17
VisualStudioVersion = 17.14.36603.0
MinimumVisualStudioVersion = 10.0.40219.1
Project("{2150E333-8FDC-42A3-9474-1A3956D46DE8}") = "Task5", "Task5", "{02EA681E-C7D8-13C7-8484-4AC65E1B71E8}"
EndProject
Project("{FAE04EC0-301F-11D3-BF4B-00C04F79EFBC}") = "Tyuiu.Borisova.Sprint6.Task5.V16.Lib", "Tyuiu.Borisova.Sprint6.Task5.V16.Lib\Tyuiu.Borisova.Sprint6.Task5.V16.Lib.csproj", "{25B28AB6-FDEF-4289-903C-6A59A3B91ADC}"
EndProject
Project("{FAE04EC0-301F-11D3-BF4B-00C04F79EFBC}") = "Tyuiu.Borisova.Sprint6.Task5.V16.Test", "Tyuiu.Borisova.Sprint6.Task5.V16.Test\Tyuiu.Borisova.Sprint6.Task5.V16.Test.csproj", "{65347E7B-DB71-48C1-B9D4-BD3A0DEC032E}"
EndProject
Project("{FAE04EC0-301F-11D3-BF4B-00C04F79EFBC}") = "Tyuiu.Borisova.Sprint6.Task5.V16", "Tyuiu.Borisova.Sprint6.Task5.V16\Tyuiu.Borisova.Sprint6.Task5.V16.csproj", "{B9418739-1F0B-4188-B7D2-2D67C9B8AD85}"
EndProject
Project("{2150E333-8FDC-42A3-9474-1A3956D46DE8}") = "Task6", "Task6", "{F611B4E7-2DC9-4950-84B6-3FBC7409D5AF}"
EndProject
Project("{FAE04EC0-301F-11D3-BF4B-00C04F79EFBC}") = "Tyuiu.Borisova.Sprint6.Task6.V19", "Tyuiu.Borisova.Sprint6.Task6.V19\Tyuiu.Borisova.Sprint6.Task6.V19.csproj", "{D7101469-44E8-4FCD-A618-DC8F0B70D851}"
EndProject
Project("{FAE04EC0-301F-11D3-BF4B-00C04F79EFBC}") = "Tyuiu.Borisova.Sprint6.Task6.V19.Test", "Tyuiu.Borisova.Sprint6.Task6.V19.Test\Tyuiu.Borisova.Sprint6.Task6.V19.Test.csproj", "{DF15D1B9-0D37-4C86-A26C-C4499888A0BA}"
EndProject
Project("{FAE04EC0-301F-11D3-BF4B-00C04F79EFBC}") = "Tyuiu.Borisova.Sprint6.Task6.V19.Lib", "Tyuiu.Borisova.Sprint6.Task6.V19.Lib\Tyuiu.Borisova.Sprint6.Task6.V19.Lib.csproj", "{69D5E570-A69E-4CF3-BBEB-B5969E0BDFD4}"
EndProject
Project("{2150E333-8FDC-42A3-9474-1A3956D46DE8}") = "Task7", "Task7", "{DB417772-E756-4EF8-8B3A-A93300EB0852}"
EndProject
Project("{FAE04EC0-301F-11D3-BF4B-00C04F79EFBC}") = "Tyuiu.Borisova.Sprint6.Task7.V26.Test", "Tyuiu.Borisova.Sprint6.Task7.V26.Test\Tyuiu.Borisova.Sprint6.Task7.V26.Test.csproj", "{6C41FA78-ED2D-489A-8D0F-F83B9162132A}"
EndProject
Project("{FAE04EC0-301F-11D3-BF4B-00C04F79EFBC}") = "Tyuiu.Borisova.Sprint6.Task7.V26", "Tyuiu.Borisova.Sprint6.Task7.V26\Tyuiu.Borisova.Sprint6.Task7.V26.csproj", "{51A9ECDA-4DAF-4D9E-8271-B5DD3C33D28A}"
EndProject
Project("{2150E333-8FDC-42A3-9474-1A3956D46DE8}") = "Task2", "Task2", "{7AA22187-A22F-4F52-B9E7-1D6C587031B2}"
EndProject
Project("{FAE04EC0-301F-11D3-BF4B-00C04F79EFBC}") = "Tyuiu.Borisova.Sprint6.Task2.V20.Test", "Tyuiu.Borisova.Sprint6.Task2.V20.Test\Tyuiu.Borisova.Sprint6.Task2.V20.Test.csproj", "{8EF8F207-892A-4D9B-A717-66010FF3D906}"
EndProject
Project("{FAE04EC0-301F-11D3-BF4B-00C04F79EFBC}") = "Tyuiu.BorisovaAD.Sprint6.Task2.V20.Lib", "Tyuiu.BorisovaAD.Sprint6.Task2.V20\Tyuiu.BorisovaAD.Sprint6.Task2.V20.Lib.csproj", "{AA332A8E-7512-4982-9D05-BB4003AE1AF8}"
EndProject
Global
	GlobalSection(SolutionConfigurationPlatforms) = preSolution
		Debug|Any CPU = Debug|Any CPU
		Debug|x64 = Debug|x64
		Release|Any CPU = Release|Any CPU
		Release|x64 = Release|x64
	EndGlobalSection
	GlobalSection(ProjectConfigurationPlatforms) = postSolution
		{25B28AB6-FDEF-4289-903C-6A59A3B91ADC}.Debug|Any CPU.ActiveCfg = Debug|Any CPU
		{25B28AB6-FDEF-4289-903C-6A59A3B91ADC}.Debug|Any CPU.Build.0 = Debug|Any CPU
		{25B28AB6-FDEF-4289-903C-6A59A3B91ADC}.Debug|x64.ActiveCfg = Debug|Any CPU
		{25B28AB6-FDEF-4289-903C-6A59A3B91ADC}.Debug|x64.Build.0 = Debug|Any CPU
		{25B28AB6-FDEF-4289-903C-6A59A3B91ADC}.Release|Any CPU.ActiveCfg = Release|Any CPU
		{25B28AB6-FDEF-4289-903C-6A59A3B91ADC}.Release|Any CPU.Build.0 = Release|Any CPU
		{25B28AB6-FDEF-4289-903C-6A59A3B91ADC}.Release|x64.ActiveCfg = Release|Any CPU
		{25B28AB6-FDEF-4289-903C-6A59A3B91ADC}.Release|x64.Build.0 = Release|Any CPU
		{65347E7B-DB71-48C1-B9D4-BD3A0DEC032E}.Debug|Any CPU.ActiveCfg = Debug|Any CPU
		{65347E7B-DB71-48C1-B9D4-BD3A0DEC032E}.Debug|Any CPU.Build.0 = Debug|Any CPU
		{65347E7B-DB71-48C1-B9D4-BD3A0DEC032E}.Debug|x64.ActiveCfg = Debug|Any CPU
		{65347E7B-DB71-48C1-B9D4-BD3A0DEC032E}.Debug|x64.Build.0 = Debug|Any CPU
		{65347E7B-DB71-48C1-B9D4-BD3A0DEC032E}.Release|Any CPU.ActiveCfg = Release|Any CPU
		{65347E7B-DB71-48C1-B9D4-BD3A0DEC032E}.Release|Any CPU.Build.0 = Release|Any CPU
		{65347E7B-DB71-48C1-B9D4-BD3A0DEC032E}.Release|x64.ActiveCfg = Release|Any CPU
		{65347E7B-DB71-48C1-B9D4-BD3A0DEC032E}.Release|x64.Build.0 = Release|Any CPU
		{B9418739-1F0B-4188-B7D2-2D67C9B8AD85}.Debug|Any CPU.ActiveCfg = Debug|Any CPU
		{B9418739-1F0B-4188-B7D2-2D67C9B8AD85}.Debug|Any CPU.Build.0 = Debug|Any CPU
		{B9418739-1F0B-4188-B7D2-2D67C9B8AD85}.Debug|x64.ActiveCfg = Debug|Any CPU
		{B9418739-1F0B-4188-B7D2-2D67C9B8AD85}.Debug|x64.Build.0 = Debug|Any CPU
		{B9418739-1F0B-4188-B7D2-2D67C9B8AD85}.Release|Any CPU.ActiveCfg = Release|Any CPU
		{B9418739-1F0B-4188-B7D2-2D67C9B8AD85}.Release|Any CPU.Build.0 = Release|Any CPU
		{B9418739-1F0B-4188-B7D2-2D67C9B8AD85}.Release|x64.ActiveCfg = Release|Any CPU
		{B9418739-1F0B-4188-B7D2-2D67C9B8AD85}.Release|x64.Build.0 = Release|Any CPU
		{D7101469-44E8-4FCD-A618-DC8F0B70D851}.Debug|Any CPU.ActiveCfg = Debug|Any CPU
		{D7101469-44E8-4FCD-A618-DC8F0B70D851}.Debug|Any CPU.Build.0 = Debug|Any CPU
		{D7101469-44E8-4FCD-A618-DC8F0B70D851}.Debug|x64.ActiveCfg = Debug|Any CPU
		{D7101469-44E8-4FCD-A618-DC8F0B70D851}.Debug|x64.Build.0 = Debug|Any CPU
		{D7101469-44E8-4FCD-A618-DC8F0B70D851}.Release|Any CPU.ActiveCfg = Release|Any CPU
		{D7101469-44E8-4FCD-A618-DC8F0B70D851}.Release|Any CPU.Build.0 = Release|Any CPU
		{D7101469-44E8-4FCD-A618-DC8F0B70D851}.Release|x64.ActiveCfg = Release|Any CPU
		{D7101469-44E8-4FCD-A618-DC8F0B70D851}.Release|x64.Build.0 = Release|Any CPU
		{DF15D1B9-0D37-4C86-A26C-C4499888A0BA}.Debug|Any CPU.ActiveCfg = Debug|Any CPU
		{DF15D1B9-0D37-4C86-A26C-C4499888A0BA}.Debug|Any CPU.Build.0 = Debug|Any CPU
		{DF15D1B9-0D37-4C86-A26C-C4499888A0BA}.Debug|x64.ActiveCfg = Debug|Any CPU
		{DF15D1B9-0D37-4C86-A26C-C4499888A0BA}.Debug|x64.Build.0 = Debug|Any CPU
		{DF15D1B9-0D37-4C86-A26C-C4499888A0BA}.Release|Any CPU.ActiveCfg = Release|Any CPU
		{DF15D1B9-0D37-4C86-A26C-C4499888A0BA}.Release|Any CPU.Build.0 = Release|Any CPU
		{DF15D1B9-0D37-4C86-A26C-C4499888A0BA}.Release|x64.ActiveCfg = Release|Any CPU
		{DF15D1B9-0D37-4C86-A26C-C4499888A0BA}.Release|x64.Build.0 = Release|Any CPU
		{69D5E570-A69E-4CF3-BBEB-B5969E0BDFD4}.Debug|Any CPU.ActiveCfg = Debug|Any CPU
		{69D5E570-A69E-4CF3-BBEB-B5969E0BDFD4}.Debug|Any CPU.Build.0 = Debug|Any CPU
		{69D5E570-A69E-4CF3-BBEB-B5969E0BDFD4}.Debug|x64.ActiveCfg = Debug|Any CPU
		{69D5E570-A69E-4CF3-BBEB-B5969E0BDFD4}.Debug|x64.Build.0 = Debug|Any CPU
		{69D5E570-A69E-4CF3-BBEB-B5969E0BDFD4}.Release|Any CPU.ActiveCfg = Release|Any CPU
		{69D5E570-A69E-4CF3-BBEB-B5969E0BDFD4}.Release|Any CPU.Build.0 = Release|Any CPU
		{69D5E570-A69E-4CF3-BBEB-B5969E0BDFD4}.Release|x64.ActiveCfg = Release|Any CPU
		{69D5E570-A69E-4CF3-BBEB-B5969E0BDFD4}.Release|x64.Build.0 = Release|Any CPU
		{6C41FA78-ED2D-489A-8D0F-F83B9162132A}.Debug|Any CPU.ActiveCfg = Debug|Any CPU
		{6C41FA78-ED2D-489A-8D0F-F83B9162132A}.Debug|Any CPU.Build.0 = Debug|Any CPU
		{6C41FA78-ED2D-489A-8D0F-F83B9162132A}.Debug|x64.ActiveCfg = Debug|Any CPU
		{6C41FA78-ED2D-489A-8D0F-F83B9162132A}.Debug|x64.Build.0 = Debug|Any CPU
		{6C41FA78-ED2D-489A-8D0F-F83B9162132A}.Release|Any CPU.ActiveCfg = Release|Any CPU
		{6C41FA78-ED2D-489A-8D0F-F83B9162132A}.Release|Any CPU.Build.0 = Release|Any CPU
		{6C41FA78-ED2D-489A-8D0F-F83B9162132A}.Release|x64.ActiveCfg = Release|Any CPU
		{6C41FA78-ED2D-489A-8D0F-F83B9162132A}.Release|x64.Build.0 = Release|Any CPU
		{51A9ECDA-4DAF-4D9E-8271-B5DD3C33D28A}.Debug|Any CPU.ActiveCfg = Debug|Any CPU
		{51A9ECDA-4DAF-4D9E-8271-B5DD3C33D28A}.Debug|Any CPU.Build.0 = Debug|Any CPU
		{51A9ECDA-4DAF-4D9E-8271-B5DD3C33D28A}.Debug|x64.ActiveCfg = Debug|Any CPU
		{51A9ECDA-4DAF-4D9E-8271-B5DD3C33D28A}.Debug|x64.Build.0 = Debug|Any CPU
		{51A9ECDA-4DAF-4D9E-8271-B5DD3C33D28A}.Release|Any CPU.ActiveCfg = Release|Any CPU
		{51A9ECDA-4DAF-4D9E-8271-B5DD3C33D28A}.Release|Any CPU.Build.0 = Release|Any CPU
		{51A9ECDA-4DAF-4D9E-8271-B5DD3C33D28A}.Release|x64.ActiveCfg = Release|Any CPU
		{51A9ECDA-4DAF-4D9E-8271-B5DD3C33D28A}.Release|x64.Build.0 = Release|Any CPU
		{8EF8F207-892A-4D9B-A717-66010FF3D906}.Debug|Any CPU.ActiveCfg = Debug|Any CPU
		{8EF8F207-892A-4D9B-A717-66010FF3D906}.Debug|Any CPU.Build.0 = Debug|Any CPU
		{8EF8F207-892A-4D9B-A717-66010FF3D906}.Debug|x64.ActiveCfg = Debug|Any CPU
		{8EF8F207-892A-4D9B-A717-66010FF3D906}.Debug|x64.Build.0 = Debug|Any CPU
		{8EF8F207-892A-4D9B-A717-66010FF3D906}.Release|Any CPU.ActiveCfg = Release|Any CPU
		{8EF8F207-892A-4D9B-A717-66010FF3D906}.Release|Any CPU.Build.0 = Release|Any CPU
		{8EF8F207-892A-4D9B-A717-66010FF3D906}.Release|x64.ActiveCfg = Release|Any CPU
		{8EF8F207-892A-4D9B-A717-66010FF3D906}.Release|x64.Build.0 = Release|Any CPU
		{AA332A8E-7512-4982-9D05-BB4003AE1AF8}.Debug|Any CPU.ActiveCfg = Debug|Any CPU
		{AA332A8E-7512-4982-9D05-BB4003AE1AF8}.Debug|Any CPU.Build.0 = Debug|Any CPU
		{AA332A8E-7512-4982-9D05-BB4003AE1AF8}.Debug|x64.ActiveCfg = Debug|Any CPU
		{AA332A8E-7512-4982-9D05-BB4003AE1AF8}.Debug|x64.Build.0 = Debug|Any CPU
		{AA332A8E-7512-4982-9D05-BB4003AE1AF8}.Release|Any CPU.ActiveCfg = Release|Any CPU
		{AA332A8E-7512-4982-9D05-BB4003AE1AF8}.Release|Any CPU.Build.0 = Release|Any CPU
		{AA332A8E-7512-4982-9D05-BB4003AE1AF8}.Release|x64.ActiveCfg = Release|Any CPU
		{AA332A8E-7512-4982-9D05-BB4003AE1AF8}.Release|x64.Build.0 = Release|Any CPU
	EndGlobalSection
	GlobalSection(SolutionProperties) = preSolution
		HideSolutionNode = FALSE
	EndGlobalSection
	GlobalSection(NestedProjects) = preSolution
		{25B28AB6-FDEF-4289-903C-6A59A3B91ADC} = {02EA681E-C7D8-13C7-8484-4AC65E1B71E8}
		{65347E7B-DB71-48C1-B9D4-BD3A0DEC032E} = {02EA681E-C7D8-13C7-8484-4AC65E1B71E8}
		{B9418739-1F0B-4188-B7D2-2D67C9B8AD85} = {02EA681E-C7D8-13C7-8484-4AC65E1B71E8}
		{D7101469-44E8-4FCD-A618-DC8F0B70D851} = {F611B4E7-2DC9-4950-84B6-3FBC7409D5AF}
		{DF15D1B9-0D37-4C86-A26C-C4499888A0BA} = {F611B4E7-2DC9-4950-84B6-3FBC7409D5AF}
		{69D5E570-A69E-4CF3-BBEB-B5969E0BDFD4} = {F611B4E7-2DC9-4950-84B6-3FBC7409D5AF}
		{6C41FA78-ED2D-489A-8D0F-F83B9162132A} = {DB417772-E756-4EF8-8B3A-A93300EB0852}
		{51A9ECDA-4DAF-4D9E-8271-B5DD3C33D28A} = {DB417772-E756-4EF8-8B3A-A93300EB0852}
		{8EF8F207-892A-4D9B-A717-66010FF3D906} = {7AA22187-A22F-4F52-B9E7-1D6C587031B2}
		{AA332A8E-7512-4982-9D05-BB4003AE1AF8} = {7AA22187-A22F-4F52-B9E7-1D6C587031B2}
	EndGlobalSection
	GlobalSection(ExtensibilityGlobals) = postSolution
		SolutionGuid = {AD58F894-BDEE-4666-8798-DF1C68A13A4F}
	EndGlobalSection
EndGlobal
